
Microsoft Visual Studio Solution File, Format Version 12.00
# Visual Studio Version 17
VisualStudioVersion = 17.3.32929.385
MinimumVisualStudioVersion = 10.0.40219.1
Project("{FAE04EC0-301F-11D3-BF4B-00C04F79EFBC}") = "Domain", "Domain\Domain.csproj", "{5DF261FD-B4FB-4A2E-BEFE-6FA4F6E21B30}"
EndProject
Project("{FAE04EC0-301F-11D3-BF4B-00C04F79EFBC}") = "Infrastructure", "Infrastructure\Infrastructure.csproj", "{34419330-1949-49D9-89D5-51C448562778}"
EndProject
Project("{FAE04EC0-301F-11D3-BF4B-00C04F79EFBC}") = "Application", "Application\Application.csproj", "{140C0539-CD4B-4152-8B19-D9E435606635}"
EndProject
Project("{FAE04EC0-301F-11D3-BF4B-00C04F79EFBC}") = "Business", "Business\Business.csproj", "{20E6EF7E-4C36-474D-BD60-46932EEC7B98}"
EndProject
Global
	GlobalSection(SolutionConfigurationPlatforms) = preSolution
		Debug|Any CPU = Debug|Any CPU
		Release|Any CPU = Release|Any CPU
	EndGlobalSection
	GlobalSection(ProjectConfigurationPlatforms) = postSolution
		{5DF261FD-B4FB-4A2E-BEFE-6FA4F6E21B30}.Debug|Any CPU.ActiveCfg = Debug|Any CPU
		{5DF261FD-B4FB-4A2E-BEFE-6FA4F6E21B30}.Debug|Any CPU.Build.0 = Debug|Any CPU
		{5DF261FD-B4FB-4A2E-BEFE-6FA4F6E21B30}.Release|Any CPU.ActiveCfg = Release|Any CPU
		{5DF261FD-B4FB-4A2E-BEFE-6FA4F6E21B30}.Release|Any CPU.Build.0 = Release|Any CPU
		{34419330-1949-49D9-89D5-51C448562778}.Debug|Any CPU.ActiveCfg = Debug|Any CPU
		{34419330-1949-49D9-89D5-51C448562778}.Debug|Any CPU.Build.0 = Debug|Any CPU
		{34419330-1949-49D9-89D5-51C448562778}.Release|Any CPU.ActiveCfg = Release|Any CPU
		{34419330-1949-49D9-89D5-51C448562778}.Release|Any CPU.Build.0 = Release|Any CPU
		{140C0539-CD4B-4152-8B19-D9E435606635}.Debug|Any CPU.ActiveCfg = Debug|Any CPU
		{140C0539-CD4B-4152-8B19-D9E435606635}.Debug|Any CPU.Build.0 = Debug|Any CPU
		{140C0539-CD4B-4152-8B19-D9E435606635}.Release|Any CPU.ActiveCfg = Release|Any CPU
		{140C0539-CD4B-4152-8B19-D9E435606635}.Release|Any CPU.Build.0 = Release|Any CPU
		{20E6EF7E-4C36-474D-BD60-46932EEC7B98}.Debug|Any CPU.ActiveCfg = Debug|Any CPU
		{20E6EF7E-4C36-474D-BD60-46932EEC7B98}.Debug|Any CPU.Build.0 = Debug|Any CPU
		{20E6EF7E-4C36-474D-BD60-46932EEC7B98}.Release|Any CPU.ActiveCfg = Release|Any CPU
		{20E6EF7E-4C36-474D-BD60-46932EEC7B98}.Release|Any CPU.Build.0 = Release|Any CPU
	EndGlobalSection
	GlobalSection(SolutionProperties) = preSolution
		HideSolutionNode = FALSE
	EndGlobalSection
	GlobalSection(ExtensibilityGlobals) = postSolution
		SolutionGuid = {7148959D-1A4C-4DD6-82F4-37E74C522234}
	EndGlobalSection
EndGlobal
